
Microsoft Visual Studio Solution File, Format Version 12.00
# Visual Studio Version 16
VisualStudioVersion = 16.0.30907.101
MinimumVisualStudioVersion = 10.0.40219.1
Project("{FAE04EC0-301F-11D3-BF4B-00C04F79EFBC}") = "Nunit_handson", "Nunit_handson\Nunit_handson.csproj", "{ED7E81EC-70AF-4316-B762-A4AD81C73572}"
EndProject
Project("{FAE04EC0-301F-11D3-BF4B-00C04F79EFBC}") = "CalculatorTester", "CalculatorTester\CalculatorTester.csproj", "{50CBC95B-AB73-4540-9EEF-293150C55301}"
EndProject
Global
	GlobalSection(SolutionConfigurationPlatforms) = preSolution
		Debug|Any CPU = Debug|Any CPU
		Release|Any CPU = Release|Any CPU
	EndGlobalSection
	GlobalSection(ProjectConfigurationPlatforms) = postSolution
		{ED7E81EC-70AF-4316-B762-A4AD81C73572}.Debug|Any CPU.ActiveCfg = Debug|Any CPU
		{ED7E81EC-70AF-4316-B762-A4AD81C73572}.Debug|Any CPU.Build.0 = Debug|Any CPU
		{ED7E81EC-70AF-4316-B762-A4AD81C73572}.Release|Any CPU.ActiveCfg = Release|Any CPU
		{ED7E81EC-70AF-4316-B762-A4AD81C73572}.Release|Any CPU.Build.0 = Release|Any CPU
		{50CBC95B-AB73-4540-9EEF-293150C55301}.Debug|Any CPU.ActiveCfg = Debug|Any CPU
		{50CBC95B-AB73-4540-9EEF-293150C55301}.Debug|Any CPU.Build.0 = Debug|Any CPU
		{50CBC95B-AB73-4540-9EEF-293150C55301}.Release|Any CPU.ActiveCfg = Release|Any CPU
		{50CBC95B-AB73-4540-9EEF-293150C55301}.Release|Any CPU.Build.0 = Release|Any CPU
	EndGlobalSection
	GlobalSection(SolutionProperties) = preSolution
		HideSolutionNode = FALSE
	EndGlobalSection
	GlobalSection(ExtensibilityGlobals) = postSolution
		SolutionGuid = {0A742264-DC05-47AB-9B54-5C0DCF2A11DC}
	EndGlobalSection
EndGlobal
