
Microsoft Visual Studio Solution File, Format Version 12.00
# Visual Studio Version 16
VisualStudioVersion = 16.0.30907.101
MinimumVisualStudioVersion = 10.0.40219.1
Project("{FAE04EC0-301F-11D3-BF4B-00C04F79EFBC}") = "EmployeeASP", "EmployeeASP\EmployeeASP.csproj", "{0FCAC8ED-174B-475D-957F-5716F7B97C2E}"
EndProject
Global
	GlobalSection(SolutionConfigurationPlatforms) = preSolution
		Debug|Any CPU = Debug|Any CPU
		Release|Any CPU = Release|Any CPU
	EndGlobalSection
	GlobalSection(ProjectConfigurationPlatforms) = postSolution
		{0FCAC8ED-174B-475D-957F-5716F7B97C2E}.Debug|Any CPU.ActiveCfg = Debug|Any CPU
		{0FCAC8ED-174B-475D-957F-5716F7B97C2E}.Debug|Any CPU.Build.0 = Debug|Any CPU
		{0FCAC8ED-174B-475D-957F-5716F7B97C2E}.Release|Any CPU.ActiveCfg = Release|Any CPU
		{0FCAC8ED-174B-475D-957F-5716F7B97C2E}.Release|Any CPU.Build.0 = Release|Any CPU
	EndGlobalSection
	GlobalSection(SolutionProperties) = preSolution
		HideSolutionNode = FALSE
	EndGlobalSection
	GlobalSection(ExtensibilityGlobals) = postSolution
		SolutionGuid = {12D87685-1DDB-4420-8B2A-77665A10E8EF}
	EndGlobalSection
EndGlobal
