
Microsoft Visual Studio Solution File, Format Version 12.00
# Visual Studio Version 16
VisualStudioVersion = 16.0.30907.101
MinimumVisualStudioVersion = 10.0.40219.1
Project("{FAE04EC0-301F-11D3-BF4B-00C04F79EFBC}") = "WindowFormImage", "WindowFormImage\WindowFormImage.csproj", "{DA3A1EF6-EBA3-4166-B34A-FE4845655E5B}"
EndProject
Global
	GlobalSection(SolutionConfigurationPlatforms) = preSolution
		Debug|Any CPU = Debug|Any CPU
		Release|Any CPU = Release|Any CPU
	EndGlobalSection
	GlobalSection(ProjectConfigurationPlatforms) = postSolution
		{DA3A1EF6-EBA3-4166-B34A-FE4845655E5B}.Debug|Any CPU.ActiveCfg = Debug|Any CPU
		{DA3A1EF6-EBA3-4166-B34A-FE4845655E5B}.Debug|Any CPU.Build.0 = Debug|Any CPU
		{DA3A1EF6-EBA3-4166-B34A-FE4845655E5B}.Release|Any CPU.ActiveCfg = Release|Any CPU
		{DA3A1EF6-EBA3-4166-B34A-FE4845655E5B}.Release|Any CPU.Build.0 = Release|Any CPU
	EndGlobalSection
	GlobalSection(SolutionProperties) = preSolution
		HideSolutionNode = FALSE
	EndGlobalSection
	GlobalSection(ExtensibilityGlobals) = postSolution
		SolutionGuid = {02625910-6FD7-44F5-B805-C1770AF99F56}
	EndGlobalSection
EndGlobal
